
Microsoft Visual Studio Solution File, Format Version 12.00
# Visual Studio Version 16
VisualStudioVersion = 16.0.31105.61
MinimumVisualStudioVersion = 10.0.40219.1
Project("{FAE04EC0-301F-11D3-BF4B-00C04F79EFBC}") = "ContosoUniversity", "ContosoUniversity.csproj", "{F73587E6-67A6-4D9D-AC11-0A664A220DFA}"
EndProject
Global
	GlobalSection(SolutionConfigurationPlatforms) = preSolution
		Debug|Any CPU = Debug|Any CPU
		Release|Any CPU = Release|Any CPU
	EndGlobalSection
	GlobalSection(ProjectConfigurationPlatforms) = postSolution
		{F73587E6-67A6-4D9D-AC11-0A664A220DFA}.Debug|Any CPU.ActiveCfg = Debug|Any CPU
		{F73587E6-67A6-4D9D-AC11-0A664A220DFA}.Debug|Any CPU.Build.0 = Debug|Any CPU
		{F73587E6-67A6-4D9D-AC11-0A664A220DFA}.Release|Any CPU.ActiveCfg = Release|Any CPU
		{F73587E6-67A6-4D9D-AC11-0A664A220DFA}.Release|Any CPU.Build.0 = Release|Any CPU
	EndGlobalSection
	GlobalSection(SolutionProperties) = preSolution
		HideSolutionNode = FALSE
	EndGlobalSection
	GlobalSection(ExtensibilityGlobals) = postSolution
		SolutionGuid = {36B097FC-725C-4BFC-AFFE-529034D20157}
	EndGlobalSection
EndGlobal
